
Microsoft Visual Studio Solution File, Format Version 12.00
# Visual Studio Version 16
VisualStudioVersion = 16.0.30717.126
MinimumVisualStudioVersion = 10.0.40219.1
Project("{FAE04EC0-301F-11D3-BF4B-00C04F79EFBC}") = "WpfToastersTest", "WpfToastersTest\WpfToastersTest.csproj", "{1A547E96-DFE5-4388-80F9-3988C327B6D1}"
EndProject
Global
	GlobalSection(SolutionConfigurationPlatforms) = preSolution
		Debug|Any CPU = Debug|Any CPU
		Release|Any CPU = Release|Any CPU
	EndGlobalSection
	GlobalSection(ProjectConfigurationPlatforms) = postSolution
		{1A547E96-DFE5-4388-80F9-3988C327B6D1}.Debug|Any CPU.ActiveCfg = Debug|Any CPU
		{1A547E96-DFE5-4388-80F9-3988C327B6D1}.Debug|Any CPU.Build.0 = Debug|Any CPU
		{1A547E96-DFE5-4388-80F9-3988C327B6D1}.Release|Any CPU.ActiveCfg = Release|Any CPU
		{1A547E96-DFE5-4388-80F9-3988C327B6D1}.Release|Any CPU.Build.0 = Release|Any CPU
	EndGlobalSection
	GlobalSection(SolutionProperties) = preSolution
		HideSolutionNode = FALSE
	EndGlobalSection
	GlobalSection(ExtensibilityGlobals) = postSolution
		SolutionGuid = {CB997436-9F3D-4B4B-9856-397AE9C39FE6}
	EndGlobalSection
EndGlobal
